
Microsoft Visual Studio Solution File, Format Version 12.00
# Visual Studio Version 16
VisualStudioVersion = 16.0.29201.188
MinimumVisualStudioVersion = 10.0.40219.1
Project("{FAE04EC0-301F-11D3-BF4B-00C04F79EFBC}") = "MyFirstApp", "MyFirstApp.csproj", "{443F4618-692A-4502-9F45-75CE5EE158A2}"
EndProject
Project("{FAE04EC0-301F-11D3-BF4B-00C04F79EFBC}") = "UITest1", "..\UITest1\UITest1.csproj", "{92059772-6B6F-4149-BEFA-A02A850E7D22}"
EndProject
Global
	GlobalSection(SolutionConfigurationPlatforms) = preSolution
		Debug|Any CPU = Debug|Any CPU
		Release|Any CPU = Release|Any CPU
	EndGlobalSection
	GlobalSection(ProjectConfigurationPlatforms) = postSolution
		{443F4618-692A-4502-9F45-75CE5EE158A2}.Debug|Any CPU.ActiveCfg = Debug|Any CPU
		{443F4618-692A-4502-9F45-75CE5EE158A2}.Debug|Any CPU.Build.0 = Debug|Any CPU
		{443F4618-692A-4502-9F45-75CE5EE158A2}.Debug|Any CPU.Deploy.0 = Debug|Any CPU
		{443F4618-692A-4502-9F45-75CE5EE158A2}.Release|Any CPU.ActiveCfg = Release|Any CPU
		{443F4618-692A-4502-9F45-75CE5EE158A2}.Release|Any CPU.Build.0 = Release|Any CPU
		{443F4618-692A-4502-9F45-75CE5EE158A2}.Release|Any CPU.Deploy.0 = Release|Any CPU
		{92059772-6B6F-4149-BEFA-A02A850E7D22}.Debug|Any CPU.ActiveCfg = Debug|Any CPU
		{92059772-6B6F-4149-BEFA-A02A850E7D22}.Debug|Any CPU.Build.0 = Debug|Any CPU
		{92059772-6B6F-4149-BEFA-A02A850E7D22}.Release|Any CPU.ActiveCfg = Release|Any CPU
		{92059772-6B6F-4149-BEFA-A02A850E7D22}.Release|Any CPU.Build.0 = Release|Any CPU
	EndGlobalSection
	GlobalSection(SolutionProperties) = preSolution
		HideSolutionNode = FALSE
	EndGlobalSection
	GlobalSection(ExtensibilityGlobals) = postSolution
		SolutionGuid = {33CF7191-A3C9-4844-8796-884EEDD60453}
	EndGlobalSection
EndGlobal
